
Microsoft Visual Studio Solution File, Format Version 12.00
# Visual Studio Version 16
VisualStudioVersion = 16.0.30011.22
MinimumVisualStudioVersion = 10.0.40219.1
Project("{8BC9CEB8-8B4A-11D0-8D11-00A0C91BC942}") = "mediaoption", "mediaoption\mediaoption.vcxproj", "{47F55E2D-44A0-4AEC-92FF-6CDAD6B73458}"
EndProject
Project("{2150E333-8FDC-42A3-9474-1A3956D46DE8}") = "libsip", "libsip", "{A19358E4-C71D-4960-A394-F6EC22B6C36C}"
EndProject
Project("{2150E333-8FDC-42A3-9474-1A3956D46DE8}") = "liblive555", "liblive555", "{755685DF-54B9-4B98-B383-DABD5E5E8D45}"
EndProject
Project("{8BC9CEB8-8B4A-11D0-8D11-00A0C91BC942}") = "BasicUsageEnvironment", "3part\liveserver\BasicUsageEnvironment\BasicUsageEnvironment.vcxproj", "{ADA8FF73-E4F0-4846-9495-D4E719BC0E62}"
EndProject
Project("{8BC9CEB8-8B4A-11D0-8D11-00A0C91BC942}") = "groupsock", "3part\liveserver\groupsock\groupsock.vcxproj", "{C4AAED7B-5A48-43F0-A688-A7F497ED87CC}"
EndProject
Project("{8BC9CEB8-8B4A-11D0-8D11-00A0C91BC942}") = "liveMedia", "3part\liveserver\liveMedia\liveMedia.vcxproj", "{BC3DC036-59E1-44C4-9A02-B4AB8777809A}"
EndProject
Project("{8BC9CEB8-8B4A-11D0-8D11-00A0C91BC942}") = "UsageEnvironment", "3part\liveserver\UsageEnvironment\UsageEnvironment.vcxproj", "{48AF4C98-619E-4A68-9AD7-26E425FDAE87}"
EndProject
Project("{8BC9CEB8-8B4A-11D0-8D11-00A0C91BC942}") = "eXosip", "3part\sip\exosip\platform\vsnet\eXosip.vcxproj", "{4EA67539-9EE9-4065-BD39-87E517FD8262}"
EndProject
Project("{8BC9CEB8-8B4A-11D0-8D11-00A0C91BC942}") = "libcares", "3part\sip\exosip\platform\vsnet\libcares.vcxproj", "{6BCE0E64-5A72-4243-B385-88E62C8E398A}"
EndProject
Project("{8BC9CEB8-8B4A-11D0-8D11-00A0C91BC942}") = "osip2", "3part\sip\osip\platform\vsnet\osip2.vcxproj", "{85255507-5D16-4218-85E2-F683BB2F04DA}"
EndProject
Project("{8BC9CEB8-8B4A-11D0-8D11-00A0C91BC942}") = "osipparser2", "3part\sip\osip\platform\vsnet\osipparser2.vcxproj", "{44F46B7E-0E51-4304-9735-330DFBAB41E5}"
EndProject
Global
	GlobalSection(SolutionConfigurationPlatforms) = preSolution
		Debug|x64 = Debug|x64
		Debug|x86 = Debug|x86
		Release|x64 = Release|x64
		Release|x86 = Release|x86
	EndGlobalSection
	GlobalSection(ProjectConfigurationPlatforms) = postSolution
		{47F55E2D-44A0-4AEC-92FF-6CDAD6B73458}.Debug|x64.ActiveCfg = Debug|x64
		{47F55E2D-44A0-4AEC-92FF-6CDAD6B73458}.Debug|x64.Build.0 = Debug|x64
		{47F55E2D-44A0-4AEC-92FF-6CDAD6B73458}.Debug|x86.ActiveCfg = Debug|x64
		{47F55E2D-44A0-4AEC-92FF-6CDAD6B73458}.Release|x64.ActiveCfg = Release|x64
		{47F55E2D-44A0-4AEC-92FF-6CDAD6B73458}.Release|x64.Build.0 = Release|x64
		{47F55E2D-44A0-4AEC-92FF-6CDAD6B73458}.Release|x86.ActiveCfg = Release|x64
		{ADA8FF73-E4F0-4846-9495-D4E719BC0E62}.Debug|x64.ActiveCfg = Debug|x64
		{ADA8FF73-E4F0-4846-9495-D4E719BC0E62}.Debug|x64.Build.0 = Debug|x64
		{ADA8FF73-E4F0-4846-9495-D4E719BC0E62}.Debug|x86.ActiveCfg = Debug|Win32
		{ADA8FF73-E4F0-4846-9495-D4E719BC0E62}.Debug|x86.Build.0 = Debug|Win32
		{ADA8FF73-E4F0-4846-9495-D4E719BC0E62}.Release|x64.ActiveCfg = Release|x64
		{ADA8FF73-E4F0-4846-9495-D4E719BC0E62}.Release|x64.Build.0 = Release|x64
		{ADA8FF73-E4F0-4846-9495-D4E719BC0E62}.Release|x86.ActiveCfg = Release|Win32
		{ADA8FF73-E4F0-4846-9495-D4E719BC0E62}.Release|x86.Build.0 = Release|Win32
		{C4AAED7B-5A48-43F0-A688-A7F497ED87CC}.Debug|x64.ActiveCfg = Debug|x64
		{C4AAED7B-5A48-43F0-A688-A7F497ED87CC}.Debug|x64.Build.0 = Debug|x64
		{C4AAED7B-5A48-43F0-A688-A7F497ED87CC}.Debug|x86.ActiveCfg = Debug|Win32
		{C4AAED7B-5A48-43F0-A688-A7F497ED87CC}.Debug|x86.Build.0 = Debug|Win32
		{C4AAED7B-5A48-43F0-A688-A7F497ED87CC}.Release|x64.ActiveCfg = Release|x64
		{C4AAED7B-5A48-43F0-A688-A7F497ED87CC}.Release|x64.Build.0 = Release|x64
		{C4AAED7B-5A48-43F0-A688-A7F497ED87CC}.Release|x86.ActiveCfg = Release|Win32
		{C4AAED7B-5A48-43F0-A688-A7F497ED87CC}.Release|x86.Build.0 = Release|Win32
		{BC3DC036-59E1-44C4-9A02-B4AB8777809A}.Debug|x64.ActiveCfg = Debug|x64
		{BC3DC036-59E1-44C4-9A02-B4AB8777809A}.Debug|x64.Build.0 = Debug|x64
		{BC3DC036-59E1-44C4-9A02-B4AB8777809A}.Debug|x86.ActiveCfg = Debug|Win32
		{BC3DC036-59E1-44C4-9A02-B4AB8777809A}.Debug|x86.Build.0 = Debug|Win32
		{BC3DC036-59E1-44C4-9A02-B4AB8777809A}.Release|x64.ActiveCfg = Release|x64
		{BC3DC036-59E1-44C4-9A02-B4AB8777809A}.Release|x64.Build.0 = Release|x64
		{BC3DC036-59E1-44C4-9A02-B4AB8777809A}.Release|x86.ActiveCfg = Release|Win32
		{BC3DC036-59E1-44C4-9A02-B4AB8777809A}.Release|x86.Build.0 = Release|Win32
		{48AF4C98-619E-4A68-9AD7-26E425FDAE87}.Debug|x64.ActiveCfg = Debug|x64
		{48AF4C98-619E-4A68-9AD7-26E425FDAE87}.Debug|x64.Build.0 = Debug|x64
		{48AF4C98-619E-4A68-9AD7-26E425FDAE87}.Debug|x86.ActiveCfg = Debug|Win32
		{48AF4C98-619E-4A68-9AD7-26E425FDAE87}.Debug|x86.Build.0 = Debug|Win32
		{48AF4C98-619E-4A68-9AD7-26E425FDAE87}.Release|x64.ActiveCfg = Release|x64
		{48AF4C98-619E-4A68-9AD7-26E425FDAE87}.Release|x64.Build.0 = Release|x64
		{48AF4C98-619E-4A68-9AD7-26E425FDAE87}.Release|x86.ActiveCfg = Release|Win32
		{48AF4C98-619E-4A68-9AD7-26E425FDAE87}.Release|x86.Build.0 = Release|Win32
		{4EA67539-9EE9-4065-BD39-87E517FD8262}.Debug|x64.ActiveCfg = Debug|x64
		{4EA67539-9EE9-4065-BD39-87E517FD8262}.Debug|x64.Build.0 = Debug|x64
		{4EA67539-9EE9-4065-BD39-87E517FD8262}.Debug|x86.ActiveCfg = Debug|Win32
		{4EA67539-9EE9-4065-BD39-87E517FD8262}.Debug|x86.Build.0 = Debug|Win32
		{4EA67539-9EE9-4065-BD39-87E517FD8262}.Release|x64.ActiveCfg = Release|x64
		{4EA67539-9EE9-4065-BD39-87E517FD8262}.Release|x64.Build.0 = Release|x64
		{4EA67539-9EE9-4065-BD39-87E517FD8262}.Release|x86.ActiveCfg = Release|Win32
		{4EA67539-9EE9-4065-BD39-87E517FD8262}.Release|x86.Build.0 = Release|Win32
		{6BCE0E64-5A72-4243-B385-88E62C8E398A}.Debug|x64.ActiveCfg = Debug|x64
		{6BCE0E64-5A72-4243-B385-88E62C8E398A}.Debug|x64.Build.0 = Debug|x64
		{6BCE0E64-5A72-4243-B385-88E62C8E398A}.Debug|x86.ActiveCfg = Debug|Win32
		{6BCE0E64-5A72-4243-B385-88E62C8E398A}.Debug|x86.Build.0 = Debug|Win32
		{6BCE0E64-5A72-4243-B385-88E62C8E398A}.Release|x64.ActiveCfg = Release|x64
		{6BCE0E64-5A72-4243-B385-88E62C8E398A}.Release|x64.Build.0 = Release|x64
		{6BCE0E64-5A72-4243-B385-88E62C8E398A}.Release|x86.ActiveCfg = Release|Win32
		{6BCE0E64-5A72-4243-B385-88E62C8E398A}.Release|x86.Build.0 = Release|Win32
		{85255507-5D16-4218-85E2-F683BB2F04DA}.Debug|x64.ActiveCfg = Debug|x64
		{85255507-5D16-4218-85E2-F683BB2F04DA}.Debug|x64.Build.0 = Debug|x64
		{85255507-5D16-4218-85E2-F683BB2F04DA}.Debug|x86.ActiveCfg = Debug|Win32
		{85255507-5D16-4218-85E2-F683BB2F04DA}.Debug|x86.Build.0 = Debug|Win32
		{85255507-5D16-4218-85E2-F683BB2F04DA}.Release|x64.ActiveCfg = Release|x64
		{85255507-5D16-4218-85E2-F683BB2F04DA}.Release|x64.Build.0 = Release|x64
		{85255507-5D16-4218-85E2-F683BB2F04DA}.Release|x86.ActiveCfg = Release|Win32
		{85255507-5D16-4218-85E2-F683BB2F04DA}.Release|x86.Build.0 = Release|Win32
		{44F46B7E-0E51-4304-9735-330DFBAB41E5}.Debug|x64.ActiveCfg = Debug|x64
		{44F46B7E-0E51-4304-9735-330DFBAB41E5}.Debug|x64.Build.0 = Debug|x64
		{44F46B7E-0E51-4304-9735-330DFBAB41E5}.Debug|x86.ActiveCfg = Debug|Win32
		{44F46B7E-0E51-4304-9735-330DFBAB41E5}.Debug|x86.Build.0 = Debug|Win32
		{44F46B7E-0E51-4304-9735-330DFBAB41E5}.Release|x64.ActiveCfg = Release|x64
		{44F46B7E-0E51-4304-9735-330DFBAB41E5}.Release|x64.Build.0 = Release|x64
		{44F46B7E-0E51-4304-9735-330DFBAB41E5}.Release|x86.ActiveCfg = Release|Win32
		{44F46B7E-0E51-4304-9735-330DFBAB41E5}.Release|x86.Build.0 = Release|Win32
	EndGlobalSection
	GlobalSection(SolutionProperties) = preSolution
		HideSolutionNode = FALSE
	EndGlobalSection
	GlobalSection(NestedProjects) = preSolution
		{ADA8FF73-E4F0-4846-9495-D4E719BC0E62} = {755685DF-54B9-4B98-B383-DABD5E5E8D45}
		{C4AAED7B-5A48-43F0-A688-A7F497ED87CC} = {755685DF-54B9-4B98-B383-DABD5E5E8D45}
		{BC3DC036-59E1-44C4-9A02-B4AB8777809A} = {755685DF-54B9-4B98-B383-DABD5E5E8D45}
		{48AF4C98-619E-4A68-9AD7-26E425FDAE87} = {755685DF-54B9-4B98-B383-DABD5E5E8D45}
		{4EA67539-9EE9-4065-BD39-87E517FD8262} = {A19358E4-C71D-4960-A394-F6EC22B6C36C}
		{6BCE0E64-5A72-4243-B385-88E62C8E398A} = {A19358E4-C71D-4960-A394-F6EC22B6C36C}
		{85255507-5D16-4218-85E2-F683BB2F04DA} = {A19358E4-C71D-4960-A394-F6EC22B6C36C}
		{44F46B7E-0E51-4304-9735-330DFBAB41E5} = {A19358E4-C71D-4960-A394-F6EC22B6C36C}
	EndGlobalSection
	GlobalSection(ExtensibilityGlobals) = postSolution
		SolutionGuid = {FE2F178D-58A6-4695-AA90-2D1C80A12B7A}
	EndGlobalSection
EndGlobal
