<?xml version="1.0" encoding="utf-8"?>
<Project ToolsVersion="4.0" xmlns="http://schemas.microsoft.com/developer/msbuild/2003">
  <ItemGroup>
    <Filter Include="Source Files">
      <UniqueIdentifier>{4FC737F1-C7A5-4376-A066-2A32D752A2FF}</UniqueIdentifier>
      <Extensions>cpp;c;cc;cxx;def;odl;idl;hpj;bat;asm;asmx</Extensions>
    </Filter>
    <Filter Include="Header Files">
      <UniqueIdentifier>{93995380-89BD-4b04-88EB-625FBE52EBFB}</UniqueIdentifier>
      <Extensions>h;hh;hpp;hxx;hm;inl;inc;xsd</Extensions>
    </Filter>
    <Filter Include="Resource Files">
      <UniqueIdentifier>{67DA6AB6-F800-4c08-8B7A-83BB121AAD01}</UniqueIdentifier>
      <Extensions>rc;ico;cur;bmp;dlg;rc2;rct;bin;rgs;gif;jpg;jpeg;jpe;resx;tiff;tif;png;wav;mfcribbon-ms</Extensions>
    </Filter>
    <Filter Include="Form Files">
      <UniqueIdentifier>{99349809-55BA-4b9d-BF79-8FDBB0286EB3}</UniqueIdentifier>
      <Extensions>ui</Extensions>
    </Filter>
    <Filter Include="Resource Files">
      <UniqueIdentifier>{D9D6E242-F8AF-46E4-B9FD-80ECBC20BA3E}</UniqueIdentifier>
      <Extensions>qrc;*</Extensions>
      <ParseFiles>false</ParseFiles>
    </Filter>
  </ItemGroup>
  <ItemGroup>
    <QtUic Include="mediaoption.ui">
      <Filter>Resource Files</Filter>
    </QtUic>
    <QtMoc Include="mediaoption.h">
      <Filter>Header Files</Filter>
    </QtMoc>
    <ClCompile Include="mediaoption.cpp">
      <Filter>Source Files</Filter>
    </ClCompile>
    <QtUic Include="addserver.ui">
      <Filter>Form Files</Filter>
    </QtUic>
  </ItemGroup>
  <ItemGroup>
    <ClCompile Include="main.cpp">
      <Filter>Source Files</Filter>
    </ClCompile>
    <ClCompile Include="ffmpegDecode.cpp">
      <Filter>Source Files</Filter>
    </ClCompile>
    <ClCompile Include="SplitScreen.cpp">
      <Filter>Source Files</Filter>
    </ClCompile>
    <ClCompile Include="PlayQlabel.cpp">
      <Filter>Source Files</Filter>
    </ClCompile>
    <ClCompile Include="DecoderThread.cpp">
      <Filter>Source Files</Filter>
    </ClCompile>
    <ClCompile Include="SqliteOperate.cpp">
      <Filter>Source Files</Filter>
    </ClCompile>
    <ClCompile Include="TreeView.cpp">
      <Filter>Source Files</Filter>
    </ClCompile>
    <ClCompile Include="DynamicRTSPServer.cpp">
      <Filter>Source Files</Filter>
    </ClCompile>
    <ClCompile Include="PushTable.cpp">
      <Filter>Source Files</Filter>
    </ClCompile>
    <ClCompile Include="Logs.cpp">
      <Filter>Source Files</Filter>
    </ClCompile>
    <ClCompile Include="PushThread.cpp">
      <Filter>Source Files</Filter>
    </ClCompile>
  </ItemGroup>
  <ItemGroup>
    <QtRcc Include="mediaoption.qrc" />
  </ItemGroup>
  <ItemGroup>
    <ClInclude Include="ffmpegDecode.h">
      <Filter>Header Files</Filter>
    </ClInclude>
    <ClInclude Include="ffmpegInclude.h">
      <Filter>Header Files</Filter>
    </ClInclude>
    <ClInclude Include="ui_mediaoption.h">
      <Filter>Header Files</Filter>
    </ClInclude>
    <ClInclude Include="CommonStructHeader.h">
      <Filter>Header Files</Filter>
    </ClInclude>
    <ClInclude Include="resource.h">
      <Filter>Header Files</Filter>
    </ClInclude>
    <ClInclude Include="SqliteOperate.h">
      <Filter>Header Files</Filter>
    </ClInclude>
    <ClInclude Include="SplitScreen.h">
      <Filter>Header Files</Filter>
    </ClInclude>
    <ClInclude Include="DynamicRTSPServer.hh">
      <Filter>Header Files</Filter>
    </ClInclude>
    <ClInclude Include="version.hh">
      <Filter>Header Files</Filter>
    </ClInclude>
    <ClInclude Include="ui_addserver.h">
      <Filter>Header Files</Filter>
    </ClInclude>
    <ClInclude Include="Logs.h">
      <Filter>Header Files</Filter>
    </ClInclude>
  </ItemGroup>
  <ItemGroup>
    <QtMoc Include="PlayQlabel.h">
      <Filter>Header Files</Filter>
    </QtMoc>
    <QtMoc Include="DecoderThread.h">
      <Filter>Header Files</Filter>
    </QtMoc>
    <QtMoc Include="TreeView.h">
      <Filter>Header Files</Filter>
    </QtMoc>
    <QtMoc Include="PushTable.h">
      <Filter>Header Files</Filter>
    </QtMoc>
    <QtMoc Include="PushThread.h">
      <Filter>Header Files</Filter>
    </QtMoc>
  </ItemGroup>
  <ItemGroup>
    <ResourceCompile Include="mediaoption.rc">
      <Filter>Resource Files</Filter>
    </ResourceCompile>
  </ItemGroup>
</Project>